
Microsoft Visual Studio Solution File, Format Version 12.00
# Visual Studio Version 17
VisualStudioVersion = 17.0.31903.59
MinimumVisualStudioVersion = 10.0.40219.1
Project("{FAE04EC0-301F-11D3-BF4B-00C04F79EFBC}") = "PCAndroidRooter", "PCAndroidRooter\PCAndroidRooter.csproj", "{A6B8898A-131A-4769-A63B-AEF1FCA58932}"
EndProject
Project("{FAE04EC0-301F-11D3-BF4B-00C04F79EFBC}") = "PCAndroidRooter.Tests", "PCAndroidRooter.Tests\PCAndroidRooter.Tests.csproj", "{44A62A3F-A02A-44C8-A3CC-1250E19263B7}"
EndProject
Global
	GlobalSection(SolutionConfigurationPlatforms) = preSolution
		Debug|Any CPU = Debug|Any CPU
		Debug|x64 = Debug|x64
		Debug|x86 = Debug|x86
		Release|Any CPU = Release|Any CPU
		Release|x64 = Release|x64
		Release|x86 = Release|x86
	EndGlobalSection
	GlobalSection(ProjectConfigurationPlatforms) = postSolution
		{A6B8898A-131A-4769-A63B-AEF1FCA58932}.Debug|Any CPU.ActiveCfg = Debug|Any CPU
		{A6B8898A-131A-4769-A63B-AEF1FCA58932}.Debug|Any CPU.Build.0 = Debug|Any CPU
		{A6B8898A-131A-4769-A63B-AEF1FCA58932}.Debug|x64.ActiveCfg = Debug|Any CPU
		{A6B8898A-131A-4769-A63B-AEF1FCA58932}.Debug|x64.Build.0 = Debug|Any CPU
		{A6B8898A-131A-4769-A63B-AEF1FCA58932}.Debug|x86.ActiveCfg = Debug|Any CPU
		{A6B8898A-131A-4769-A63B-AEF1FCA58932}.Debug|x86.Build.0 = Debug|Any CPU
		{A6B8898A-131A-4769-A63B-AEF1FCA58932}.Release|Any CPU.ActiveCfg = Release|Any CPU
		{A6B8898A-131A-4769-A63B-AEF1FCA58932}.Release|Any CPU.Build.0 = Release|Any CPU
		{A6B8898A-131A-4769-A63B-AEF1FCA58932}.Release|x64.ActiveCfg = Release|Any CPU
		{A6B8898A-131A-4769-A63B-AEF1FCA58932}.Release|x64.Build.0 = Release|Any CPU
		{A6B8898A-131A-4769-A63B-AEF1FCA58932}.Release|x86.ActiveCfg = Release|Any CPU
		{A6B8898A-131A-4769-A63B-AEF1FCA58932}.Release|x86.Build.0 = Release|Any CPU
		{44A62A3F-A02A-44C8-A3CC-1250E19263B7}.Debug|Any CPU.ActiveCfg = Debug|Any CPU
		{44A62A3F-A02A-44C8-A3CC-1250E19263B7}.Debug|Any CPU.Build.0 = Debug|Any CPU
		{44A62A3F-A02A-44C8-A3CC-1250E19263B7}.Debug|x64.ActiveCfg = Debug|Any CPU
		{44A62A3F-A02A-44C8-A3CC-1250E19263B7}.Debug|x64.Build.0 = Debug|Any CPU
		{44A62A3F-A02A-44C8-A3CC-1250E19263B7}.Debug|x86.ActiveCfg = Debug|Any CPU
		{44A62A3F-A02A-44C8-A3CC-1250E19263B7}.Debug|x86.Build.0 = Debug|Any CPU
		{44A62A3F-A02A-44C8-A3CC-1250E19263B7}.Release|Any CPU.ActiveCfg = Release|Any CPU
		{44A62A3F-A02A-44C8-A3CC-1250E19263B7}.Release|Any CPU.Build.0 = Release|Any CPU
		{44A62A3F-A02A-44C8-A3CC-1250E19263B7}.Release|x64.ActiveCfg = Release|Any CPU
		{44A62A3F-A02A-44C8-A3CC-1250E19263B7}.Release|x64.Build.0 = Release|Any CPU
		{44A62A3F-A02A-44C8-A3CC-1250E19263B7}.Release|x86.ActiveCfg = Release|Any CPU
		{44A62A3F-A02A-44C8-A3CC-1250E19263B7}.Release|x86.Build.0 = Release|Any CPU
	EndGlobalSection
	GlobalSection(SolutionProperties) = preSolution
		HideSolutionNode = FALSE
	EndGlobalSection
EndGlobal
